
Microsoft Visual Studio Solution File, Format Version 12.00
# Visual Studio Version 16
VisualStudioVersion = 16.0.31129.286
MinimumVisualStudioVersion = 10.0.40219.1
Project("{9A19103F-16F7-4668-BE54-9A1E7A4F7556}") = "DimensionFourMonitor", "DimensionFourMonitor\DimensionFourMonitor.csproj", "{A9229559-5D22-4229-B39C-DECCA2F01252}"
EndProject
Global
	GlobalSection(SolutionConfigurationPlatforms) = preSolution
		Debug|Any CPU = Debug|Any CPU
		Release|Any CPU = Release|Any CPU
	EndGlobalSection
	GlobalSection(ProjectConfigurationPlatforms) = postSolution
		{A9229559-5D22-4229-B39C-DECCA2F01252}.Debug|Any CPU.ActiveCfg = Debug|Any CPU
		{A9229559-5D22-4229-B39C-DECCA2F01252}.Debug|Any CPU.Build.0 = Debug|Any CPU
		{A9229559-5D22-4229-B39C-DECCA2F01252}.Release|Any CPU.ActiveCfg = Release|Any CPU
		{A9229559-5D22-4229-B39C-DECCA2F01252}.Release|Any CPU.Build.0 = Release|Any CPU
	EndGlobalSection
	GlobalSection(SolutionProperties) = preSolution
		HideSolutionNode = FALSE
	EndGlobalSection
	GlobalSection(ExtensibilityGlobals) = postSolution
		SolutionGuid = {9FB67CB2-3B24-49EE-8F26-32A452B3A462}
	EndGlobalSection
EndGlobal
